
Microsoft Visual Studio Solution File, Format Version 12.00
# Visual Studio 2012
Project("{FAE04EC0-301F-11D3-BF4B-00C04F79EFBC}") = "A03TicTacToe", "A03TicTacToe\A03TicTacToe.csproj", "{D7D44A63-CD9B-4376-A73E-8F3A1A7B6A8E}"
EndProject
Global
	GlobalSection(SolutionConfigurationPlatforms) = preSolution
		Debug|Any CPU = Debug|Any CPU
		Release|Any CPU = Release|Any CPU
	EndGlobalSection
	GlobalSection(ProjectConfigurationPlatforms) = postSolution
		{D7D44A63-CD9B-4376-A73E-8F3A1A7B6A8E}.Debug|Any CPU.ActiveCfg = Debug|Any CPU
		{D7D44A63-CD9B-4376-A73E-8F3A1A7B6A8E}.Debug|Any CPU.Build.0 = Debug|Any CPU
		{D7D44A63-CD9B-4376-A73E-8F3A1A7B6A8E}.Release|Any CPU.ActiveCfg = Release|Any CPU
		{D7D44A63-CD9B-4376-A73E-8F3A1A7B6A8E}.Release|Any CPU.Build.0 = Release|Any CPU
	EndGlobalSection
EndGlobal
